
Microsoft Visual Studio Solution File, Format Version 12.00
# Visual Studio Version 17
VisualStudioVersion = 17.10.35122.118
MinimumVisualStudioVersion = 10.0.40219.1
Project("{FAE04EC0-301F-11D3-BF4B-00C04F79EFBC}") = "UnitOfWorkExample", "UnitOfWorkExample\UnitOfWorkExample.csproj", "{7E8C7560-4428-475F-923C-F75C5249996E}"
EndProject
Global
	GlobalSection(SolutionConfigurationPlatforms) = preSolution
		Debug|Any CPU = Debug|Any CPU
		Release|Any CPU = Release|Any CPU
	EndGlobalSection
	GlobalSection(ProjectConfigurationPlatforms) = postSolution
		{7E8C7560-4428-475F-923C-F75C5249996E}.Debug|Any CPU.ActiveCfg = Debug|Any CPU
		{7E8C7560-4428-475F-923C-F75C5249996E}.Debug|Any CPU.Build.0 = Debug|Any CPU
		{7E8C7560-4428-475F-923C-F75C5249996E}.Release|Any CPU.ActiveCfg = Release|Any CPU
		{7E8C7560-4428-475F-923C-F75C5249996E}.Release|Any CPU.Build.0 = Release|Any CPU
	EndGlobalSection
	GlobalSection(SolutionProperties) = preSolution
		HideSolutionNode = FALSE
	EndGlobalSection
	GlobalSection(ExtensibilityGlobals) = postSolution
		SolutionGuid = {E9730368-0DB2-441D-B6EC-19E73E0C3C82}
	EndGlobalSection
EndGlobal
